// !$*UTF8*$!
{
	archiveVersion = 1;
	classes = {
	};
	objectVersion = 46;
	objects = {

/* Begin PBXBuildFile section */
		D53F85941BFF1F7900B84AB8 /* main.m in Sources */ = {isa = PBXBuildFile; fileRef = D53F85931BFF1F7900B84AB8 /* main.m */; };
		D53F85971BFF1F7900B84AB8 /* AppDelegate.m in Sources */ = {isa = PBXBuildFile; fileRef = D53F85961BFF1F7900B84AB8 /* AppDelegate.m */; };
		D53F859A1BFF1F7900B84AB8 /* ViewController.m in Sources */ = {isa = PBXBuildFile; fileRef = D53F85991BFF1F7900B84AB8 /* ViewController.m */; };
		D53F859D1BFF1F7900B84AB8 /* Main.storyboard in Resources */ = {isa = PBXBuildFile; fileRef = D53F859B1BFF1F7900B84AB8 /* Main.storyboard */; };
		D53F859F1BFF1F7900B84AB8 /* Assets.xcassets in Resources */ = {isa = PBXBuildFile; fileRef = D53F859E1BFF1F7900B84AB8 /* Assets.xcassets */; };
		D53F85A21BFF1F7900B84AB8 /* LaunchScreen.storyboard in Resources */ = {isa = PBXBuildFile; fileRef = D53F85A01BFF1F7900B84AB8 /* LaunchScreen.storyboard */; };
		D53F85AD1BFF1F7900B84AB8 /* AbMoranTests.m in Sources */ = {isa = PBXBuildFile; fileRef = D53F85AC1BFF1F7900B84AB8 /* AbMoranTests.m */; };
		D53F85B81BFF1F7900B84AB8 /* AbMoranUITests.m in Sources */ = {isa = PBXBuildFile; fileRef = D53F85B71BFF1F7900B84AB8 /* AbMoranUITests.m */; };
/* End PBXBuildFile section */

/* Begin PBXContainerItemProxy section */
		D53F85A91BFF1F7900B84AB8 /* PBXContainerItemProxy */ = {
			isa = PBXContainerItemProxy;
			containerPortal = D53F85871BFF1F7900B84AB8 /* Project object */;
			proxyType = 1;
			remoteGlobalIDString = D53F858E1BFF1F7900B84AB8;
			remoteInfo = AbMoran;
		};
		D53F85B41BFF1F7900B84AB8 /* PBXContainerItemProxy */ = {
			isa = PBXContainerItemProxy;
			containerPortal = D53F85871BFF1F7900B84AB8 /* Project object */;
			proxyType = 1;
			remoteGlobalIDString = D53F858E1BFF1F7900B84AB8;
			remoteInfo = AbMoran;
		};
/* End PBXContainerItemProxy section */

/* Begin PBXFileReference section */
		D53F858F1BFF1F7900B84AB8 /* AbMoran.app */ = {isa = PBXFileReference; explicitFileType = wrapper.application; includeInIndex = 0; path = AbMoran.app; sourceTree = BUILT_PRODUCTS_DIR; };
		D53F85931BFF1F7900B84AB8 /* main.m */ = {isa = PBXFileReference; lastKnownFileType = sourcecode.c.objc; path = main.m; sourceTree = "<group>"; };
		D53F85951BFF1F7900B84AB8 /* AppDelegate.h */ = {isa = PBXFileReference; lastKnownFileType = sourcecode.c.h; path = AppDelegate.h; sourceTree = "<group>"; };
		D53F85961BFF1F7900B84AB8 /* AppDelegate.m */ = {isa = PBXFileReference; lastKnownFileType = sourcecode.c.objc; path = AppDelegate.m; sourceTree = "<group>"; };
		D53F85981BFF1F7900B84AB8 /* ViewController.h */ = {isa = PBXFileReference; lastKnownFileType = sourcecode.c.h; path = ViewController.h; sourceTree = "<group>"; };
		D53F85991BFF1F7900B84AB8 /* ViewController.m */ = {isa = PBXFileReference; lastKnownFileType = sourcecode.c.objc; path = ViewController.m; sourceTree = "<group>"; };
		D53F859C1BFF1F7900B84AB8 /* Base */ = {isa = PBXFileReference; lastKnownFileType = file.storyboard; name = Base; path = Base.lproj/Main.storyboard; sourceTree = "<group>"; };
		D53F859E1BFF1F7900B84AB8 /* Assets.xcassets */ = {isa = PBXFileReference; lastKnownFileType = folder.assetcatalog; path = Assets.xcassets; sourceTree = "<group>"; };
		D53F85A11BFF1F7900B84AB8 /* Base */ = {isa = PBXFileReference; lastKnownFileType = file.storyboard; name = Base; path = Base.lproj/LaunchScreen.storyboard; sourceTree = "<group>"; };
		D53F85A31BFF1F7900B84AB8 /* Info.plist */ = {isa = PBXFileReference; lastKnownFileType = text.plist.xml; path = Info.plist; sourceTree = "<group>"; };
		D53F85A81BFF1F7900B84AB8 /* AbMoranTests.xctest */ = {isa = PBXFileReference; explicitFileType = wrapper.cfbundle; includeInIndex = 0; path = AbMoranTests.xctest; sourceTree = BUILT_PRODUCTS_DIR; };
		D53F85AC1BFF1F7900B84AB8 /* AbMoranTests.m */ = {isa = PBXFileReference; lastKnownFileType = sourcecode.c.objc; path = AbMoranTests.m; sourceTree = "<group>"; };
		D53F85AE1BFF1F7900B84AB8 /* Info.plist */ = {isa = PBXFileReference; lastKnownFileType = text.plist.xml; path = Info.plist; sourceTree = "<group>"; };
		D53F85B31BFF1F7900B84AB8 /* AbMoranUITests.xctest */ = {isa = PBXFileReference; explicitFileType = wrapper.cfbundle; includeInIndex = 0; path = AbMoranUITests.xctest; sourceTree = BUILT_PRODUCTS_DIR; };
		D53F85B71BFF1F7900B84AB8 /* AbMoranUITests.m */ = {isa = PBXFileReference; lastKnownFileType = sourcecode.c.objc; path = AbMoranUITests.m; sourceTree = "<group>"; };
		D53F85B91BFF1F7900B84AB8 /* Info.plist */ = {isa = PBXFileReference; lastKnownFileType = text.plist.xml; path = Info.plist; sourceTree = "<group>"; };
/* End PBXFileReference section */

/* Begin PBXFrameworksBuildPhase section */
		D53F858C1BFF1F7900B84AB8 /* Frameworks */ = {
			isa = PBXFrameworksBuildPhase;
			buildActionMask = 2147483647;
			files = (
			);
			runOnlyForDeploymentPostprocessing = 0;
		};
		D53F85A51BFF1F7900B84AB8 /* Frameworks */ = {
			isa = PBXFrameworksBuildPhase;
			buildActionMask = 2147483647;
			files = (
			);
			runOnlyForDeploymentPostprocessing = 0;
		};
		D53F85B01BFF1F7900B84AB8 /* Frameworks */ = {
			isa = PBXFrameworksBuildPhase;
			buildActionMask = 2147483647;
			files = (
			);
			runOnlyForDeploymentPostprocessing = 0;
		};
/* End PBXFrameworksBuildPhase section */

/* Begin PBXGroup section */
		D53F85861BFF1F7900B84AB8 = {
			isa = PBXGroup;
			children = (
				D53F85911BFF1F7900B84AB8 /* AbMoran */,
				D53F85AB1BFF1F7900B84AB8 /* AbMoranTests */,
				D53F85B61BFF1F7900B84AB8 /* AbMoranUITests */,
				D53F85901BFF1F7900B84AB8 /* Products */,
			);
			sourceTree = "<group>";
		};
		D53F85901BFF1F7900B84AB8 /* Products */ = {
			isa = PBXGroup;
			children = (
				D53F858F1BFF1F7900B84AB8 /* AbMoran.app */,
				D53F85A81BFF1F7900B84AB8 /* AbMoranTests.xctest */,
				D53F85B31BFF1F7900B84AB8 /* AbMoranUITests.xctest */,
			);
			name = Products;
			sourceTree = "<group>";
		};
		D53F85911BFF1F7900B84AB8 /* AbMoran */ = {
			isa = PBXGroup;
			children = (
				D53F85951BFF1F7900B84AB8 /* AppDelegate.h */,
				D53F85961BFF1F7900B84AB8 /* AppDelegate.m */,
				D53F85981BFF1F7900B84AB8 /* ViewController.h */,
				D53F85991BFF1F7900B84AB8 /* ViewController.m */,
				D53F859B1BFF1F7900B84AB8 /* Main.storyboard */,
				D53F859E1BFF1F7900B84AB8 /* Assets.xcassets */,
				D53F85A01BFF1F7900B84AB8 /* LaunchScreen.storyboard */,
				D53F85A31BFF1F7900B84AB8 /* Info.plist */,
				D53F85921BFF1F7900B84AB8 /* Supporting Files */,
			);
			path = AbMoran;
			sourceTree = "<group>";
		};
		D53F85921BFF1F7900B84AB8 /* Supporting Files */ = {
			isa = PBXGroup;
			children = (
				D53F85931BFF1F7900B84AB8 /* main.m */,
			);
			name = "Supporting Files";
			sourceTree = "<group>";
		};
		D53F85AB1BFF1F7900B84AB8 /* AbMoranTests */ = {
			isa = PBXGroup;
			children = (
				D53F85AC1BFF1F7900B84AB8 /* AbMoranTests.m */,
				D53F85AE1BFF1F7900B84AB8 /* Info.plist */,
			);
			path = AbMoranTests;
			sourceTree = "<group>";
		};
		D53F85B61BFF1F7900B84AB8 /* AbMoranUITests */ = {
			isa = PBXGroup;
			children = (
				D53F85B71BFF1F7900B84AB8 /* AbMoranUITests.m */,
				D53F85B91BFF1F7900B84AB8 /* Info.plist */,
			);
			path = AbMoranUITests;
			sourceTree = "<group>";
		};
/* End PBXGroup section */

/* Begin PBXNativeTarget section */
		D53F858E1BFF1F7900B84AB8 /* AbMoran */ = {
			isa = PBXNativeTarget;
			buildConfigurationList = D53F85BC1BFF1F7900B84AB8 /* Build configuration list for PBXNativeTarget "AbMoran" */;
			buildPhases = (
				D53F858B1BFF1F7900B84AB8 /* Sources */,
				D53F858C1BFF1F7900B84AB8 /* Frameworks */,
				D53F858D1BFF1F7900B84AB8 /* Resources */,
			);
			buildRules = (
			);
			dependencies = (
			);
			name = AbMoran;
			productName = AbMoran;
			productReference = D53F858F1BFF1F7900B84AB8 /* AbMoran.app */;
			productType = "com.apple.product-type.application";
		};
		D53F85A71BFF1F7900B84AB8 /* AbMoranTests */ = {
			isa = PBXNativeTarget;
			buildConfigurationList = D53F85BF1BFF1F7900B84AB8 /* Build configuration list for PBXNativeTarget "AbMoranTests" */;
			buildPhases = (
				D53F85A41BFF1F7900B84AB8 /* Sources */,
				D53F85A51BFF1F7900B84AB8 /* Frameworks */,
				D53F85A61BFF1F7900B84AB8 /* Resources */,
			);
			buildRules = (
			);
			dependencies = (
				D53F85AA1BFF1F7900B84AB8 /* PBXTargetDependency */,
			);
			name = AbMoranTests;
			productName = AbMoranTests;
			productReference = D53F85A81BFF1F7900B84AB8 /* AbMoranTests.xctest */;
			productType = "com.apple.product-type.bundle.unit-test";
		};
		D53F85B21BFF1F7900B84AB8 /* AbMoranUITests */ = {
			isa = PBXNativeTarget;
			buildConfigurationList = D53F85C21BFF1F7900B84AB8 /* Build configuration list for PBXNativeTarget "AbMoranUITests" */;
			buildPhases = (
				D53F85AF1BFF1F7900B84AB8 /* Sources */,
				D53F85B01BFF1F7900B84AB8 /* Frameworks */,
				D53F85B11BFF1F7900B84AB8 /* Resources */,
			);
			buildRules = (
			);
			dependencies = (
				D53F85B51BFF1F7900B84AB8 /* PBXTargetDependency */,
			);
			name = AbMoranUITests;
			productName = AbMoranUITests;
			productReference = D53F85B31BFF1F7900B84AB8 /* AbMoranUITests.xctest */;
			productType = "com.apple.product-type.bundle.ui-testing";
		};
/* End PBXNativeTarget section */

/* Begin PBXProject section */
		D53F85871BFF1F7900B84AB8 /* Project object */ = {
			isa = PBXProject;
			attributes = {
				LastUpgradeCheck = 0710;
				ORGANIZATIONNAME = com.GeekBand;
				TargetAttributes = {
					D53F858E1BFF1F7900B84AB8 = {
						CreatedOnToolsVersion = 7.1.1;
						DevelopmentTeam = K8QJN9G72C;
					};
					D53F85A71BFF1F7900B84AB8 = {
						CreatedOnToolsVersion = 7.1.1;
						DevelopmentTeam = K8QJN9G72C;
						TestTargetID = D53F858E1BFF1F7900B84AB8;
					};
					D53F85B21BFF1F7900B84AB8 = {
						CreatedOnToolsVersion = 7.1.1;
						DevelopmentTeam = K8QJN9G72C;
						TestTargetID = D53F858E1BFF1F7900B84AB8;
					};
				};
			};
			buildConfigurationList = D53F858A1BFF1F7900B84AB8 /* Build configuration list for PBXProject "AbMoran" */;
			compatibilityVersion = "Xcode 3.2";
			developmentRegion = English;
			hasScannedForEncodings = 0;
			knownRegions = (
				en,
				Base,
			);
			mainGroup = D53F85861BFF1F7900B84AB8;
			productRefGroup = D53F85901BFF1F7900B84AB8 /* Products */;
			projectDirPath = "";
			projectRoot = "";
			targets = (
				D53F858E1BFF1F7900B84AB8 /* AbMoran */,
				D53F85A71BFF1F7900B84AB8 /* AbMoranTests */,
				D53F85B21BFF1F7900B84AB8 /* AbMoranUITests */,
			);
		};
/* End PBXProject section */

/* Begin PBXResourcesBuildPhase section */
		D53F858D1BFF1F7900B84AB8 /* Resources */ = {
			isa = PBXResourcesBuildPhase;
			buildActionMask = 2147483647;
			files = (
				D53F85A21BFF1F7900B84AB8 /* LaunchScreen.storyboard in Resources */,
				D53F859F1BFF1F7900B84AB8 /* Assets.xcassets in Resources */,
				D53F859D1BFF1F7900B84AB8 /* Main.storyboard in Resources */,
			);
			runOnlyForDeploymentPostprocessing = 0;
		};
		D53F85A61BFF1F7900B84AB8 /* Resources */ = {
			isa = PBXResourcesBuildPhase;
			buildActionMask = 2147483647;
			files = (
			);
			runOnlyForDeploymentPostprocessing = 0;
		};
		D53F85B11BFF1F7900B84AB8 /* Resources */ = {
			isa = PBXResourcesBuildPhase;
			buildActionMask = 2147483647;
			files = (
			);
			runOnlyForDeploymentPostprocessing = 0;
		};
/* End PBXResourcesBuildPhase section */

/* Begin PBXSourcesBuildPhase section */
		D53F858B1BFF1F7900B84AB8 /* Sources */ = {
			isa = PBXSourcesBuildPhase;
			buildActionMask = 2147483647;
			files = (
				D53F859A1BFF1F7900B84AB8 /* ViewController.m in Sources */,
				D53F85971BFF1F7900B84AB8 /* AppDelegate.m in Sources */,
				D53F85941BFF1F7900B84AB8 /* main.m in Sources */,
			);
			runOnlyForDeploymentPostprocessing = 0;
		};
		D53F85A41BFF1F7900B84AB8 /* Sources */ = {
			isa = PBXSourcesBuildPhase;
			buildActionMask = 2147483647;
			files = (
				D53F85AD1BFF1F7900B84AB8 /* AbMoranTests.m in Sources */,
			);
			runOnlyForDeploymentPostprocessing = 0;
		};
		D53F85AF1BFF1F7900B84AB8 /* Sources */ = {
			isa = PBXSourcesBuildPhase;
			buildActionMask = 2147483647;
			files = (
				D53F85B81BFF1F7900B84AB8 /* AbMoranUITests.m in Sources */,
			);
			runOnlyForDeploymentPostprocessing = 0;
		};
/* End PBXSourcesBuildPhase section */

/* Begin PBXTargetDependency section */
		D53F85AA1BFF1F7900B84AB8 /* PBXTargetDependency */ = {
			isa = PBXTargetDependency;
			target = D53F858E1BFF1F7900B84AB8 /* AbMoran */;
			targetProxy = D53F85A91BFF1F7900B84AB8 /* PBXContainerItemProxy */;
		};
		D53F85B51BFF1F7900B84AB8 /* PBXTargetDependency */ = {
			isa = PBXTargetDependency;
			target = D53F858E1BFF1F7900B84AB8 /* AbMoran */;
			targetProxy = D53F85B41BFF1F7900B84AB8 /* PBXContainerItemProxy */;
		};
/* End PBXTargetDependency section */

/* Begin PBXVariantGroup section */
		D53F859B1BFF1F7900B84AB8 /* Main.storyboard */ = {
			isa = PBXVariantGroup;
			children = (
				D53F859C1BFF1F7900B84AB8 /* Base */,
			);
			name = Main.storyboard;
			sourceTree = "<group>";
		};
		D53F85A01BFF1F7900B84AB8 /* LaunchScreen.storyboard */ = {
			isa = PBXVariantGroup;
			children = (
				D53F85A11BFF1F7900B84AB8 /* Base */,
			);
			name = LaunchScreen.storyboard;
			sourceTree = "<group>";
		};
/* End PBXVariantGroup section */

/* Begin XCBuildConfiguration section */
		D53F85BA1BFF1F7900B84AB8 /* Debug */ = {
			isa = XCBuildConfiguration;
			buildSettings = {
				ALWAYS_SEARCH_USER_PATHS = NO;
				CLANG_CXX_LANGUAGE_STANDARD = "gnu++0x";
				CLANG_CXX_LIBRARY = "libc++";
				CLANG_ENABLE_MODULES = YES;
				CLANG_ENABLE_OBJC_ARC = YES;
				CLANG_WARN_BOOL_CONVERSION = YES;
				CLANG_WARN_CONSTANT_CONVERSION = YES;
				CLANG_WARN_DIRECT_OBJC_ISA_USAGE = YES_ERROR;
				CLANG_WARN_EMPTY_BODY = YES;
				CLANG_WARN_ENUM_CONVERSION = YES;
				CLANG_WARN_INT_CONVERSION = YES;
				CLANG_WARN_OBJC_ROOT_CLASS = YES_ERROR;
				CLANG_WARN_UNREACHABLE_CODE = YES;
				CLANG_WARN__DUPLICATE_METHOD_MATCH = YES;
				"CODE_SIGN_IDENTITY[sdk=iphoneos*]" = "iPhone Developer";
				COPY_PHASE_STRIP = NO;
				DEBUG_INFORMATION_FORMAT = dwarf;
				ENABLE_STRICT_OBJC_MSGSEND = YES;
				ENABLE_TESTABILITY = YES;
				GCC_C_LANGUAGE_STANDARD = gnu99;
				GCC_DYNAMIC_NO_PIC = NO;
				GCC_NO_COMMON_BLOCKS = YES;
				GCC_OPTIMIZATION_LEVEL = 0;
				GCC_PREPROCESSOR_DEFINITIONS = (
					"DEBUG=1",
					"$(inherited)",
				);
				GCC_WARN_64_TO_32_BIT_CONVERSION = YES;
				GCC_WARN_ABOUT_RETURN_TYPE = YES_ERROR;
				GCC_WARN_UNDECLARED_SELECTOR = YES;
				GCC_WARN_UNINITIALIZED_AUTOS = YES_AGGRESSIVE;
				GCC_WARN_UNUSED_FUNCTION = YES;
				GCC_WARN_UNUSED_VARIABLE = YES;
				IPHONEOS_DEPLOYMENT_TARGET = 9.1;
				MTL_ENABLE_DEBUG_INFO = YES;
				ONLY_ACTIVE_ARCH = YES;
				SDKROOT = iphoneos;
			};
			name = Debug;
		};
		D53F85BB1BFF1F7900B84AB8 /* Release */ = {
			isa = XCBuildConfiguration;
			buildSettings = {
				ALWAYS_SEARCH_USER_PATHS = NO;
				CLANG_CXX_LANGUAGE_STANDARD = "gnu++0x";
				CLANG_CXX_LIBRARY = "libc++";
				CLANG_ENABLE_MODULES = YES;
				CLANG_ENABLE_OBJC_ARC = YES;
				CLANG_WARN_BOOL_CONVERSION = YES;
				CLANG_WARN_CONSTANT_CONVERSION = YES;
				CLANG_WARN_DIRECT_OBJC_ISA_USAGE = YES_ERROR;
				CLANG_WARN_EMPTY_BODY = YES;
				CLANG_WARN_ENUM_CONVERSION = YES;
				CLANG_WARN_INT_CONVERSION = YES;
				CLANG_WARN_OBJC_ROOT_CLASS = YES_ERROR;
				CLANG_WARN_UNREACHABLE_CODE = YES;
				CLANG_WARN__DUPLICATE_METHOD_MATCH = YES;
				"CODE_SIGN_IDENTITY[sdk=iphoneos*]" = "iPhone Developer";
				COPY_PHASE_STRIP = NO;
				DEBUG_INFORMATION_FORMAT = "dwarf-with-dsym";
				ENABLE_NS_ASSERTIONS = NO;
				ENABLE_STRICT_OBJC_MSGSEND = YES;
				GCC_C_LANGUAGE_STANDARD = gnu99;
				GCC_NO_COMMON_BLOCKS = YES;
				GCC_WARN_64_TO_32_BIT_CONVERSION = YES;
				GCC_WARN_ABOUT_RETURN_TYPE = YES_ERROR;
				GCC_WARN_UNDECLARED_SELECTOR = YES;
				GCC_WARN_UNINITIALIZED_AUTOS = YES_AGGRESSIVE;
				GCC_WARN_UNUSED_FUNCTION = YES;
				GCC_WARN_UNUSED_VARIABLE = YES;
				IPHONEOS_DEPLOYMENT_TARGET = 9.1;
				MTL_ENABLE_DEBUG_INFO = NO;
				SDKROOT = iphoneos;
				VALIDATE_PRODUCT = YES;
			};
			name = Release;
		};
		D53F85BD1BFF1F7900B84AB8 /* Debug */ = {
			isa = XCBuildConfiguration;
			buildSettings = {
				ASSETCATALOG_COMPILER_APPICON_NAME = AppIcon;
				INFOPLIST_FILE = AbMoran/Info.plist;
				LD_RUNPATH_SEARCH_PATHS = "$(inherited) @executable_path/Frameworks";
				PRODUCT_BUNDLE_IDENTIFIER = com.GeekBand.AbMoran;
				PRODUCT_NAME = "$(TARGET_NAME)";
			};
			name = Debug;
		};
		D53F85BE1BFF1F7900B84AB8 /* Release */ = {
			isa = XCBuildConfiguration;
			buildSettings = {
				ASSETCATALOG_COMPILER_APPICON_NAME = AppIcon;
				INFOPLIST_FILE = AbMoran/Info.plist;
				LD_RUNPATH_SEARCH_PATHS = "$(inherited) @executable_path/Frameworks";
				PRODUCT_BUNDLE_IDENTIFIER = com.GeekBand.AbMoran;
				PRODUCT_NAME = "$(TARGET_NAME)";
			};
			name = Release;
		};
		D53F85C01BFF1F7900B84AB8 /* Debug */ = {
			isa = XCBuildConfiguration;
			buildSettings = {
				BUNDLE_LOADER = "$(TEST_HOST)";
				INFOPLIST_FILE = AbMoranTests/Info.plist;
				LD_RUNPATH_SEARCH_PATHS = "$(inherited) @executable_path/Frameworks @loader_path/Frameworks";
				PRODUCT_BUNDLE_IDENTIFIER = com.GeekBand.AbMoranTests;
				PRODUCT_NAME = "$(TARGET_NAME)";
				TEST_HOST = "$(BUILT_PRODUCTS_DIR)/AbMoran.app/AbMoran";
			};
			name = Debug;
		};
		D53F85C11BFF1F7900B84AB8 /* Release */ = {
			isa = XCBuildConfiguration;
			buildSettings = {
				BUNDLE_LOADER = "$(TEST_HOST)";
				INFOPLIST_FILE = AbMoranTests/Info.plist;
				LD_RUNPATH_SEARCH_PATHS = "$(inherited) @executable_path/Frameworks @loader_path/Frameworks";
				PRODUCT_BUNDLE_IDENTIFIER = com.GeekBand.AbMoranTests;
				PRODUCT_NAME = "$(TARGET_NAME)";
				TEST_HOST = "$(BUILT_PRODUCTS_DIR)/AbMoran.app/AbMoran";
			};
			name = Release;
		};
		D53F85C31BFF1F7900B84AB8 /* Debug */ = {
			isa = XCBuildConfiguration;
			buildSettings = {
				INFOPLIST_FILE = AbMoranUITests/Info.plist;
				LD_RUNPATH_SEARCH_PATHS = "$(inherited) @executable_path/Frameworks @loader_path/Frameworks";
				PRODUCT_BUNDLE_IDENTIFIER = com.GeekBand.AbMoranUITests;
				PRODUCT_NAME = "$(TARGET_NAME)";
				TEST_TARGET_NAME = AbMoran;
				USES_XCTRUNNER = YES;
			};
			name = Debug;
		};
		D53F85C41BFF1F7900B84AB8 /* Release */ = {
			isa = XCBuildConfiguration;
			buildSettings = {
				INFOPLIST_FILE = AbMoranUITests/Info.plist;
				LD_RUNPATH_SEARCH_PATHS = "$(inherited) @executable_path/Frameworks @loader_path/Frameworks";
				PRODUCT_BUNDLE_IDENTIFIER = com.GeekBand.AbMoranUITests;
				PRODUCT_NAME = "$(TARGET_NAME)";
				TEST_TARGET_NAME = AbMoran;
				USES_XCTRUNNER = YES;
			};
			name = Release;
		};
/* End XCBuildConfiguration section */

/* Begin XCConfigurationList section */
		D53F858A1BFF1F7900B84AB8 /* Build configuration list for PBXProject "AbMoran" */ = {
			isa = XCConfigurationList;
			buildConfigurations = (
				D53F85BA1BFF1F7900B84AB8 /* Debug */,
				D53F85BB1BFF1F7900B84AB8 /* Release */,
			);
			defaultConfigurationIsVisible = 0;
			defaultConfigurationName = Release;
		};
		D53F85BC1BFF1F7900B84AB8 /* Build configuration list for PBXNativeTarget "AbMoran" */ = {
			isa = XCConfigurationList;
			buildConfigurations = (
				D53F85BD1BFF1F7900B84AB8 /* Debug */,
				D53F85BE1BFF1F7900B84AB8 /* Release */,
			);
			defaultConfigurationIsVisible = 0;
		};
		D53F85BF1BFF1F7900B84AB8 /* Build configuration list for PBXNativeTarget "AbMoranTests" */ = {
			isa = XCConfigurationList;
			buildConfigurations = (
				D53F85C01BFF1F7900B84AB8 /* Debug */,
				D53F85C11BFF1F7900B84AB8 /* Release */,
			);
			defaultConfigurationIsVisible = 0;
		};
		D53F85C21BFF1F7900B84AB8 /* Build configuration list for PBXNativeTarget "AbMoranUITests" */ = {
			isa = XCConfigurationList;
			buildConfigurations = (
				D53F85C31BFF1F7900B84AB8 /* Debug */,
				D53F85C41BFF1F7900B84AB8 /* Release */,
			);
			defaultConfigurationIsVisible = 0;
		};
/* End XCConfigurationList section */
	};
	rootObject = D53F85871BFF1F7900B84AB8 /* Project object */;
}
