// !$*UTF8*$!
{
	archiveVersion = 1;
	classes = {
	};
	objectVersion = 46;
	objects = {

/* Begin PBXBuildFile section */
		D51578601C04032300795C48 /* AppDelegate.m in Sources */ = {isa = PBXBuildFile; fileRef = D51578541C04032300795C48 /* AppDelegate.m */; };
		D51578611C04032300795C48 /* LoginViewController.m in Sources */ = {isa = PBXBuildFile; fileRef = D51578581C04032300795C48 /* LoginViewController.m */; };
		D51578621C04032300795C48 /* Info.plist in Resources */ = {isa = PBXBuildFile; fileRef = D515785B1C04032300795C48 /* Info.plist */; };
		D51578631C04032300795C48 /* main.m in Sources */ = {isa = PBXBuildFile; fileRef = D515785C1C04032300795C48 /* main.m */; };
		D51578681C04035100795C48 /* Images.xcassets in Resources */ = {isa = PBXBuildFile; fileRef = D51578661C04035100795C48 /* Images.xcassets */; };
		D51578691C04035100795C48 /* Main.xcassets in Resources */ = {isa = PBXBuildFile; fileRef = D51578671C04035100795C48 /* Main.xcassets */; };
		D515786B1C0403A900795C48 /* LoginAndRegister.storyboard in Resources */ = {isa = PBXBuildFile; fileRef = D515786A1C0403A900795C48 /* LoginAndRegister.storyboard */; };
		D515786E1C04049800795C48 /* RegisterViewController.m in Sources */ = {isa = PBXBuildFile; fileRef = D515786D1C04049800795C48 /* RegisterViewController.m */; };
		D51578711C0405A200795C48 /* User.m in Sources */ = {isa = PBXBuildFile; fileRef = D51578701C0405A200795C48 /* User.m */; };
		D51578821C0408D500795C48 /* LoginRequestParser.m in Sources */ = {isa = PBXBuildFile; fileRef = D51578811C0408D500795C48 /* LoginRequestParser.m */; };
		D51578B31C040CD600795C48 /* GetImage.m in Sources */ = {isa = PBXBuildFile; fileRef = D51578AB1C040CD600795C48 /* GetImage.m */; };
		D51578B41C040CD600795C48 /* LoginRequest.m in Sources */ = {isa = PBXBuildFile; fileRef = D51578AD1C040CD600795C48 /* LoginRequest.m */; };
		D51578B51C040CD600795C48 /* BLMultipartForm.m in Sources */ = {isa = PBXBuildFile; fileRef = D51578B01C040CD600795C48 /* BLMultipartForm.m */; };
		D51578B91C040D3200795C48 /* Global.m in Sources */ = {isa = PBXBuildFile; fileRef = D51578B81C040D3200795C48 /* Global.m */; };
		D51578BC1C0449C000795C48 /* RegisterRequest.m in Sources */ = {isa = PBXBuildFile; fileRef = D51578BB1C0449C000795C48 /* RegisterRequest.m */; };
		D51578BF1C044A7900795C48 /* RegisterRequestParser.m in Sources */ = {isa = PBXBuildFile; fileRef = D51578BE1C044A7900795C48 /* RegisterRequestParser.m */; };
		D546670B1C02DBE8007CFFF0 /* ABMoranTests.m in Sources */ = {isa = PBXBuildFile; fileRef = D546670A1C02DBE8007CFFF0 /* ABMoranTests.m */; };
		D54667161C02DBE8007CFFF0 /* ABMoranUITests.m in Sources */ = {isa = PBXBuildFile; fileRef = D54667151C02DBE8007CFFF0 /* ABMoranUITests.m */; };
/* End PBXBuildFile section */

/* Begin PBXContainerItemProxy section */
		D54667071C02DBE8007CFFF0 /* PBXContainerItemProxy */ = {
			isa = PBXContainerItemProxy;
			containerPortal = D54666E51C02DBE8007CFFF0 /* Project object */;
			proxyType = 1;
			remoteGlobalIDString = D54666EC1C02DBE8007CFFF0;
			remoteInfo = ABMoran;
		};
		D54667121C02DBE8007CFFF0 /* PBXContainerItemProxy */ = {
			isa = PBXContainerItemProxy;
			containerPortal = D54666E51C02DBE8007CFFF0 /* Project object */;
			proxyType = 1;
			remoteGlobalIDString = D54666EC1C02DBE8007CFFF0;
			remoteInfo = ABMoran;
		};
/* End PBXContainerItemProxy section */

/* Begin PBXFileReference section */
		D51578531C04032300795C48 /* AppDelegate.h */ = {isa = PBXFileReference; fileEncoding = 4; lastKnownFileType = sourcecode.c.h; path = AppDelegate.h; sourceTree = "<group>"; };
		D51578541C04032300795C48 /* AppDelegate.m */ = {isa = PBXFileReference; fileEncoding = 4; lastKnownFileType = sourcecode.c.objc; path = AppDelegate.m; sourceTree = "<group>"; };
		D51578571C04032300795C48 /* LoginViewController.h */ = {isa = PBXFileReference; fileEncoding = 4; lastKnownFileType = sourcecode.c.h; path = LoginViewController.h; sourceTree = "<group>"; };
		D51578581C04032300795C48 /* LoginViewController.m */ = {isa = PBXFileReference; fileEncoding = 4; lastKnownFileType = sourcecode.c.objc; path = LoginViewController.m; sourceTree = "<group>"; };
		D515785B1C04032300795C48 /* Info.plist */ = {isa = PBXFileReference; fileEncoding = 4; lastKnownFileType = text.plist.xml; path = Info.plist; sourceTree = "<group>"; };
		D515785C1C04032300795C48 /* main.m */ = {isa = PBXFileReference; fileEncoding = 4; lastKnownFileType = sourcecode.c.objc; path = main.m; sourceTree = "<group>"; };
		D51578661C04035100795C48 /* Images.xcassets */ = {isa = PBXFileReference; lastKnownFileType = folder.assetcatalog; path = Images.xcassets; sourceTree = "<group>"; };
		D51578671C04035100795C48 /* Main.xcassets */ = {isa = PBXFileReference; lastKnownFileType = folder.assetcatalog; path = Main.xcassets; sourceTree = "<group>"; };
		D515786A1C0403A900795C48 /* LoginAndRegister.storyboard */ = {isa = PBXFileReference; fileEncoding = 4; lastKnownFileType = file.storyboard; path = LoginAndRegister.storyboard; sourceTree = "<group>"; };
		D515786C1C04049800795C48 /* RegisterViewController.h */ = {isa = PBXFileReference; fileEncoding = 4; lastKnownFileType = sourcecode.c.h; path = RegisterViewController.h; sourceTree = "<group>"; };
		D515786D1C04049800795C48 /* RegisterViewController.m */ = {isa = PBXFileReference; fileEncoding = 4; lastKnownFileType = sourcecode.c.objc; path = RegisterViewController.m; sourceTree = "<group>"; };
		D515786F1C0405A200795C48 /* User.h */ = {isa = PBXFileReference; fileEncoding = 4; lastKnownFileType = sourcecode.c.h; path = User.h; sourceTree = "<group>"; };
		D51578701C0405A200795C48 /* User.m */ = {isa = PBXFileReference; fileEncoding = 4; lastKnownFileType = sourcecode.c.objc; path = User.m; sourceTree = "<group>"; };
		D51578801C0408D500795C48 /* LoginRequestParser.h */ = {isa = PBXFileReference; fileEncoding = 4; lastKnownFileType = sourcecode.c.h; name = LoginRequestParser.h; path = AbMoran/Network/Parsers/LoginRequestParser.h; sourceTree = SOURCE_ROOT; };
		D51578811C0408D500795C48 /* LoginRequestParser.m */ = {isa = PBXFileReference; fileEncoding = 4; lastKnownFileType = sourcecode.c.objc; name = LoginRequestParser.m; path = AbMoran/Network/Parsers/LoginRequestParser.m; sourceTree = SOURCE_ROOT; };
		D51578AA1C040CD600795C48 /* GetImage.h */ = {isa = PBXFileReference; fileEncoding = 4; lastKnownFileType = sourcecode.c.h; path = GetImage.h; sourceTree = "<group>"; };
		D51578AB1C040CD600795C48 /* GetImage.m */ = {isa = PBXFileReference; fileEncoding = 4; lastKnownFileType = sourcecode.c.objc; path = GetImage.m; sourceTree = "<group>"; };
		D51578AC1C040CD600795C48 /* LoginRequest.h */ = {isa = PBXFileReference; fileEncoding = 4; lastKnownFileType = sourcecode.c.h; path = LoginRequest.h; sourceTree = "<group>"; };
		D51578AD1C040CD600795C48 /* LoginRequest.m */ = {isa = PBXFileReference; fileEncoding = 4; lastKnownFileType = sourcecode.c.objc; path = LoginRequest.m; sourceTree = "<group>"; };
		D51578AF1C040CD600795C48 /* BLMultipartForm.h */ = {isa = PBXFileReference; fileEncoding = 4; lastKnownFileType = sourcecode.c.h; path = BLMultipartForm.h; sourceTree = "<group>"; };
		D51578B01C040CD600795C48 /* BLMultipartForm.m */ = {isa = PBXFileReference; fileEncoding = 4; lastKnownFileType = sourcecode.c.objc; path = BLMultipartForm.m; sourceTree = "<group>"; };
		D51578B71C040D3200795C48 /* Global.h */ = {isa = PBXFileReference; fileEncoding = 4; lastKnownFileType = sourcecode.c.h; path = Global.h; sourceTree = "<group>"; };
		D51578B81C040D3200795C48 /* Global.m */ = {isa = PBXFileReference; fileEncoding = 4; lastKnownFileType = sourcecode.c.objc; path = Global.m; sourceTree = "<group>"; };
		D51578BA1C0449C000795C48 /* RegisterRequest.h */ = {isa = PBXFileReference; fileEncoding = 4; lastKnownFileType = sourcecode.c.h; path = RegisterRequest.h; sourceTree = "<group>"; };
		D51578BB1C0449C000795C48 /* RegisterRequest.m */ = {isa = PBXFileReference; fileEncoding = 4; lastKnownFileType = sourcecode.c.objc; path = RegisterRequest.m; sourceTree = "<group>"; };
		D51578BD1C044A7900795C48 /* RegisterRequestParser.h */ = {isa = PBXFileReference; fileEncoding = 4; lastKnownFileType = sourcecode.c.h; name = RegisterRequestParser.h; path = AbMoran/Network/Parsers/RegisterRequestParser.h; sourceTree = SOURCE_ROOT; };
		D51578BE1C044A7900795C48 /* RegisterRequestParser.m */ = {isa = PBXFileReference; fileEncoding = 4; lastKnownFileType = sourcecode.c.objc; name = RegisterRequestParser.m; path = AbMoran/Network/Parsers/RegisterRequestParser.m; sourceTree = SOURCE_ROOT; };
		D54666ED1C02DBE8007CFFF0 /* ABMoran.app */ = {isa = PBXFileReference; explicitFileType = wrapper.application; includeInIndex = 0; path = ABMoran.app; sourceTree = BUILT_PRODUCTS_DIR; };
		D54667061C02DBE8007CFFF0 /* ABMoranTests.xctest */ = {isa = PBXFileReference; explicitFileType = wrapper.cfbundle; includeInIndex = 0; path = ABMoranTests.xctest; sourceTree = BUILT_PRODUCTS_DIR; };
		D546670A1C02DBE8007CFFF0 /* ABMoranTests.m */ = {isa = PBXFileReference; lastKnownFileType = sourcecode.c.objc; path = ABMoranTests.m; sourceTree = "<group>"; };
		D546670C1C02DBE8007CFFF0 /* Info.plist */ = {isa = PBXFileReference; lastKnownFileType = text.plist.xml; path = Info.plist; sourceTree = "<group>"; };
		D54667111C02DBE8007CFFF0 /* ABMoranUITests.xctest */ = {isa = PBXFileReference; explicitFileType = wrapper.cfbundle; includeInIndex = 0; path = ABMoranUITests.xctest; sourceTree = BUILT_PRODUCTS_DIR; };
		D54667151C02DBE8007CFFF0 /* ABMoranUITests.m */ = {isa = PBXFileReference; lastKnownFileType = sourcecode.c.objc; path = ABMoranUITests.m; sourceTree = "<group>"; };
		D54667171C02DBE8007CFFF0 /* Info.plist */ = {isa = PBXFileReference; lastKnownFileType = text.plist.xml; path = Info.plist; sourceTree = "<group>"; };
/* End PBXFileReference section */

/* Begin PBXFrameworksBuildPhase section */
		D54666EA1C02DBE8007CFFF0 /* Frameworks */ = {
			isa = PBXFrameworksBuildPhase;
			buildActionMask = 2147483647;
			files = (
			);
			runOnlyForDeploymentPostprocessing = 0;
		};
		D54667031C02DBE8007CFFF0 /* Frameworks */ = {
			isa = PBXFrameworksBuildPhase;
			buildActionMask = 2147483647;
			files = (
			);
			runOnlyForDeploymentPostprocessing = 0;
		};
		D546670E1C02DBE8007CFFF0 /* Frameworks */ = {
			isa = PBXFrameworksBuildPhase;
			buildActionMask = 2147483647;
			files = (
			);
			runOnlyForDeploymentPostprocessing = 0;
		};
/* End PBXFrameworksBuildPhase section */

/* Begin PBXGroup section */
		D51578521C04032300795C48 /* App */ = {
			isa = PBXGroup;
			children = (
				D51578531C04032300795C48 /* AppDelegate.h */,
				D51578541C04032300795C48 /* AppDelegate.m */,
			);
			name = App;
			path = AbMoran/App;
			sourceTree = SOURCE_ROOT;
		};
		D51578551C04032300795C48 /* Controllers */ = {
			isa = PBXGroup;
			children = (
				D51578561C04032300795C48 /* LoginAndRegister */,
			);
			name = Controllers;
			path = AbMoran/Controllers;
			sourceTree = SOURCE_ROOT;
		};
		D51578561C04032300795C48 /* LoginAndRegister */ = {
			isa = PBXGroup;
			children = (
				D51578571C04032300795C48 /* LoginViewController.h */,
				D51578581C04032300795C48 /* LoginViewController.m */,
				D515786C1C04049800795C48 /* RegisterViewController.h */,
				D515786D1C04049800795C48 /* RegisterViewController.m */,
			);
			path = LoginAndRegister;
			sourceTree = "<group>";
		};
		D51578591C04032300795C48 /* Models */ = {
			isa = PBXGroup;
			children = (
				D515786F1C0405A200795C48 /* User.h */,
				D51578701C0405A200795C48 /* User.m */,
			);
			name = Models;
			path = AbMoran/Models;
			sourceTree = SOURCE_ROOT;
		};
		D515785A1C04032300795C48 /* Supporting Files */ = {
			isa = PBXGroup;
			children = (
				D515785B1C04032300795C48 /* Info.plist */,
				D515785C1C04032300795C48 /* main.m */,
			);
			name = "Supporting Files";
			path = "AbMoran/Supporting Files";
			sourceTree = SOURCE_ROOT;
		};
		D515785D1C04032300795C48 /* Views */ = {
			isa = PBXGroup;
			children = (
				D515785E1C04032300795C48 /* LoginAndRegister */,
			);
			name = Views;
			path = AbMoran/Views;
			sourceTree = SOURCE_ROOT;
		};
		D515785E1C04032300795C48 /* LoginAndRegister */ = {
			isa = PBXGroup;
			children = (
				D515786A1C0403A900795C48 /* LoginAndRegister.storyboard */,
			);
			path = LoginAndRegister;
			sourceTree = "<group>";
		};
		D51578651C04035100795C48 /* Resources */ = {
			isa = PBXGroup;
			children = (
				D51578661C04035100795C48 /* Images.xcassets */,
				D51578671C04035100795C48 /* Main.xcassets */,
			);
			name = Resources;
			path = AbMoran/Resources;
			sourceTree = SOURCE_ROOT;
		};
		D51578721C04065400795C48 /* Network */ = {
			isa = PBXGroup;
			children = (
				D51578A91C040CD600795C48 /* Requests */,
				D51578AE1C040CD600795C48 /* Utilities */,
				D51578771C04089500795C48 /* Parsers */,
			);
			name = Network;
			sourceTree = "<group>";
		};
		D51578771C04089500795C48 /* Parsers */ = {
			isa = PBXGroup;
			children = (
				D51578801C0408D500795C48 /* LoginRequestParser.h */,
				D51578811C0408D500795C48 /* LoginRequestParser.m */,
				D51578BD1C044A7900795C48 /* RegisterRequestParser.h */,
				D51578BE1C044A7900795C48 /* RegisterRequestParser.m */,
			);
			path = Parsers;
			sourceTree = "<group>";
		};
		D51578A91C040CD600795C48 /* Requests */ = {
			isa = PBXGroup;
			children = (
				D51578AA1C040CD600795C48 /* GetImage.h */,
				D51578AB1C040CD600795C48 /* GetImage.m */,
				D51578AC1C040CD600795C48 /* LoginRequest.h */,
				D51578AD1C040CD600795C48 /* LoginRequest.m */,
				D51578BA1C0449C000795C48 /* RegisterRequest.h */,
				D51578BB1C0449C000795C48 /* RegisterRequest.m */,
			);
			name = Requests;
			path = AbMoran/Network/Requests;
			sourceTree = SOURCE_ROOT;
		};
		D51578AE1C040CD600795C48 /* Utilities */ = {
			isa = PBXGroup;
			children = (
				D51578AF1C040CD600795C48 /* BLMultipartForm.h */,
				D51578B01C040CD600795C48 /* BLMultipartForm.m */,
				D51578B71C040D3200795C48 /* Global.h */,
				D51578B81C040D3200795C48 /* Global.m */,
			);
			name = Utilities;
			path = AbMoran/Network/Utilities;
			sourceTree = SOURCE_ROOT;
		};
		D54666E41C02DBE8007CFFF0 = {
			isa = PBXGroup;
			children = (
				D54666EF1C02DBE8007CFFF0 /* ABMoran */,
				D54667091C02DBE8007CFFF0 /* ABMoranTests */,
				D54667141C02DBE8007CFFF0 /* ABMoranUITests */,
				D54666EE1C02DBE8007CFFF0 /* Products */,
			);
			sourceTree = "<group>";
		};
		D54666EE1C02DBE8007CFFF0 /* Products */ = {
			isa = PBXGroup;
			children = (
				D54666ED1C02DBE8007CFFF0 /* ABMoran.app */,
				D54667061C02DBE8007CFFF0 /* ABMoranTests.xctest */,
				D54667111C02DBE8007CFFF0 /* ABMoranUITests.xctest */,
			);
			name = Products;
			sourceTree = "<group>";
		};
		D54666EF1C02DBE8007CFFF0 /* ABMoran */ = {
			isa = PBXGroup;
			children = (
				D51578721C04065400795C48 /* Network */,
				D51578651C04035100795C48 /* Resources */,
				D51578521C04032300795C48 /* App */,
				D51578551C04032300795C48 /* Controllers */,
				D51578591C04032300795C48 /* Models */,
				D515785A1C04032300795C48 /* Supporting Files */,
				D515785D1C04032300795C48 /* Views */,
			);
			path = ABMoran;
			sourceTree = "<group>";
		};
		D54667091C02DBE8007CFFF0 /* ABMoranTests */ = {
			isa = PBXGroup;
			children = (
				D546670A1C02DBE8007CFFF0 /* ABMoranTests.m */,
				D546670C1C02DBE8007CFFF0 /* Info.plist */,
			);
			path = ABMoranTests;
			sourceTree = "<group>";
		};
		D54667141C02DBE8007CFFF0 /* ABMoranUITests */ = {
			isa = PBXGroup;
			children = (
				D54667151C02DBE8007CFFF0 /* ABMoranUITests.m */,
				D54667171C02DBE8007CFFF0 /* Info.plist */,
			);
			path = ABMoranUITests;
			sourceTree = "<group>";
		};
/* End PBXGroup section */

/* Begin PBXNativeTarget section */
		D54666EC1C02DBE8007CFFF0 /* ABMoran */ = {
			isa = PBXNativeTarget;
			buildConfigurationList = D546671A1C02DBE8007CFFF0 /* Build configuration list for PBXNativeTarget "ABMoran" */;
			buildPhases = (
				D54666E91C02DBE8007CFFF0 /* Sources */,
				D54666EA1C02DBE8007CFFF0 /* Frameworks */,
				D54666EB1C02DBE8007CFFF0 /* Resources */,
			);
			buildRules = (
			);
			dependencies = (
			);
			name = ABMoran;
			productName = ABMoran;
			productReference = D54666ED1C02DBE8007CFFF0 /* ABMoran.app */;
			productType = "com.apple.product-type.application";
		};
		D54667051C02DBE8007CFFF0 /* ABMoranTests */ = {
			isa = PBXNativeTarget;
			buildConfigurationList = D546671D1C02DBE8007CFFF0 /* Build configuration list for PBXNativeTarget "ABMoranTests" */;
			buildPhases = (
				D54667021C02DBE8007CFFF0 /* Sources */,
				D54667031C02DBE8007CFFF0 /* Frameworks */,
				D54667041C02DBE8007CFFF0 /* Resources */,
			);
			buildRules = (
			);
			dependencies = (
				D54667081C02DBE8007CFFF0 /* PBXTargetDependency */,
			);
			name = ABMoranTests;
			productName = ABMoranTests;
			productReference = D54667061C02DBE8007CFFF0 /* ABMoranTests.xctest */;
			productType = "com.apple.product-type.bundle.unit-test";
		};
		D54667101C02DBE8007CFFF0 /* ABMoranUITests */ = {
			isa = PBXNativeTarget;
			buildConfigurationList = D54667201C02DBE8007CFFF0 /* Build configuration list for PBXNativeTarget "ABMoranUITests" */;
			buildPhases = (
				D546670D1C02DBE8007CFFF0 /* Sources */,
				D546670E1C02DBE8007CFFF0 /* Frameworks */,
				D546670F1C02DBE8007CFFF0 /* Resources */,
			);
			buildRules = (
			);
			dependencies = (
				D54667131C02DBE8007CFFF0 /* PBXTargetDependency */,
			);
			name = ABMoranUITests;
			productName = ABMoranUITests;
			productReference = D54667111C02DBE8007CFFF0 /* ABMoranUITests.xctest */;
			productType = "com.apple.product-type.bundle.ui-testing";
		};
/* End PBXNativeTarget section */

/* Begin PBXProject section */
		D54666E51C02DBE8007CFFF0 /* Project object */ = {
			isa = PBXProject;
			attributes = {
				LastUpgradeCheck = 0710;
				ORGANIZATIONNAME = com.Geekband;
				TargetAttributes = {
					D54666EC1C02DBE8007CFFF0 = {
						CreatedOnToolsVersion = 7.1.1;
						DevelopmentTeam = K8QJN9G72C;
					};
					D54667051C02DBE8007CFFF0 = {
						CreatedOnToolsVersion = 7.1.1;
						DevelopmentTeam = K8QJN9G72C;
						TestTargetID = D54666EC1C02DBE8007CFFF0;
					};
					D54667101C02DBE8007CFFF0 = {
						CreatedOnToolsVersion = 7.1.1;
						DevelopmentTeam = K8QJN9G72C;
						TestTargetID = D54666EC1C02DBE8007CFFF0;
					};
				};
			};
			buildConfigurationList = D54666E81C02DBE8007CFFF0 /* Build configuration list for PBXProject "AbMoran" */;
			compatibilityVersion = "Xcode 3.2";
			developmentRegion = English;
			hasScannedForEncodings = 0;
			knownRegions = (
				en,
				Base,
			);
			mainGroup = D54666E41C02DBE8007CFFF0;
			productRefGroup = D54666EE1C02DBE8007CFFF0 /* Products */;
			projectDirPath = "";
			projectRoot = "";
			targets = (
				D54666EC1C02DBE8007CFFF0 /* ABMoran */,
				D54667051C02DBE8007CFFF0 /* ABMoranTests */,
				D54667101C02DBE8007CFFF0 /* ABMoranUITests */,
			);
		};
/* End PBXProject section */

/* Begin PBXResourcesBuildPhase section */
		D54666EB1C02DBE8007CFFF0 /* Resources */ = {
			isa = PBXResourcesBuildPhase;
			buildActionMask = 2147483647;
			files = (
				D515786B1C0403A900795C48 /* LoginAndRegister.storyboard in Resources */,
				D51578681C04035100795C48 /* Images.xcassets in Resources */,
				D51578621C04032300795C48 /* Info.plist in Resources */,
				D51578691C04035100795C48 /* Main.xcassets in Resources */,
			);
			runOnlyForDeploymentPostprocessing = 0;
		};
		D54667041C02DBE8007CFFF0 /* Resources */ = {
			isa = PBXResourcesBuildPhase;
			buildActionMask = 2147483647;
			files = (
			);
			runOnlyForDeploymentPostprocessing = 0;
		};
		D546670F1C02DBE8007CFFF0 /* Resources */ = {
			isa = PBXResourcesBuildPhase;
			buildActionMask = 2147483647;
			files = (
			);
			runOnlyForDeploymentPostprocessing = 0;
		};
/* End PBXResourcesBuildPhase section */

/* Begin PBXSourcesBuildPhase section */
		D54666E91C02DBE8007CFFF0 /* Sources */ = {
			isa = PBXSourcesBuildPhase;
			buildActionMask = 2147483647;
			files = (
				D51578711C0405A200795C48 /* User.m in Sources */,
				D51578B31C040CD600795C48 /* GetImage.m in Sources */,
				D51578B91C040D3200795C48 /* Global.m in Sources */,
				D51578611C04032300795C48 /* LoginViewController.m in Sources */,
				D51578B41C040CD600795C48 /* LoginRequest.m in Sources */,
				D51578BF1C044A7900795C48 /* RegisterRequestParser.m in Sources */,
				D51578BC1C0449C000795C48 /* RegisterRequest.m in Sources */,
				D51578631C04032300795C48 /* main.m in Sources */,
				D51578601C04032300795C48 /* AppDelegate.m in Sources */,
				D51578B51C040CD600795C48 /* BLMultipartForm.m in Sources */,
				D51578821C0408D500795C48 /* LoginRequestParser.m in Sources */,
				D515786E1C04049800795C48 /* RegisterViewController.m in Sources */,
			);
			runOnlyForDeploymentPostprocessing = 0;
		};
		D54667021C02DBE8007CFFF0 /* Sources */ = {
			isa = PBXSourcesBuildPhase;
			buildActionMask = 2147483647;
			files = (
				D546670B1C02DBE8007CFFF0 /* ABMoranTests.m in Sources */,
			);
			runOnlyForDeploymentPostprocessing = 0;
		};
		D546670D1C02DBE8007CFFF0 /* Sources */ = {
			isa = PBXSourcesBuildPhase;
			buildActionMask = 2147483647;
			files = (
				D54667161C02DBE8007CFFF0 /* ABMoranUITests.m in Sources */,
			);
			runOnlyForDeploymentPostprocessing = 0;
		};
/* End PBXSourcesBuildPhase section */

/* Begin PBXTargetDependency section */
		D54667081C02DBE8007CFFF0 /* PBXTargetDependency */ = {
			isa = PBXTargetDependency;
			target = D54666EC1C02DBE8007CFFF0 /* ABMoran */;
			targetProxy = D54667071C02DBE8007CFFF0 /* PBXContainerItemProxy */;
		};
		D54667131C02DBE8007CFFF0 /* PBXTargetDependency */ = {
			isa = PBXTargetDependency;
			target = D54666EC1C02DBE8007CFFF0 /* ABMoran */;
			targetProxy = D54667121C02DBE8007CFFF0 /* PBXContainerItemProxy */;
		};
/* End PBXTargetDependency section */

/* Begin XCBuildConfiguration section */
		D54667181C02DBE8007CFFF0 /* Debug */ = {
			isa = XCBuildConfiguration;
			buildSettings = {
				ALWAYS_SEARCH_USER_PATHS = NO;
				CLANG_CXX_LANGUAGE_STANDARD = "gnu++0x";
				CLANG_CXX_LIBRARY = "libc++";
				CLANG_ENABLE_MODULES = YES;
				CLANG_ENABLE_OBJC_ARC = YES;
				CLANG_WARN_BOOL_CONVERSION = YES;
				CLANG_WARN_CONSTANT_CONVERSION = YES;
				CLANG_WARN_DIRECT_OBJC_ISA_USAGE = YES_ERROR;
				CLANG_WARN_EMPTY_BODY = YES;
				CLANG_WARN_ENUM_CONVERSION = YES;
				CLANG_WARN_INT_CONVERSION = YES;
				CLANG_WARN_OBJC_ROOT_CLASS = YES_ERROR;
				CLANG_WARN_UNREACHABLE_CODE = YES;
				CLANG_WARN__DUPLICATE_METHOD_MATCH = YES;
				"CODE_SIGN_IDENTITY[sdk=iphoneos*]" = "iPhone Developer";
				COPY_PHASE_STRIP = NO;
				DEBUG_INFORMATION_FORMAT = dwarf;
				ENABLE_STRICT_OBJC_MSGSEND = YES;
				ENABLE_TESTABILITY = YES;
				GCC_C_LANGUAGE_STANDARD = gnu99;
				GCC_DYNAMIC_NO_PIC = NO;
				GCC_NO_COMMON_BLOCKS = YES;
				GCC_OPTIMIZATION_LEVEL = 0;
				GCC_PREPROCESSOR_DEFINITIONS = (
					"DEBUG=1",
					"$(inherited)",
				);
				GCC_WARN_64_TO_32_BIT_CONVERSION = YES;
				GCC_WARN_ABOUT_RETURN_TYPE = YES_ERROR;
				GCC_WARN_UNDECLARED_SELECTOR = YES;
				GCC_WARN_UNINITIALIZED_AUTOS = YES_AGGRESSIVE;
				GCC_WARN_UNUSED_FUNCTION = YES;
				GCC_WARN_UNUSED_VARIABLE = YES;
				IPHONEOS_DEPLOYMENT_TARGET = 9.1;
				MTL_ENABLE_DEBUG_INFO = YES;
				ONLY_ACTIVE_ARCH = YES;
				SDKROOT = iphoneos;
			};
			name = Debug;
		};
		D54667191C02DBE8007CFFF0 /* Release */ = {
			isa = XCBuildConfiguration;
			buildSettings = {
				ALWAYS_SEARCH_USER_PATHS = NO;
				CLANG_CXX_LANGUAGE_STANDARD = "gnu++0x";
				CLANG_CXX_LIBRARY = "libc++";
				CLANG_ENABLE_MODULES = YES;
				CLANG_ENABLE_OBJC_ARC = YES;
				CLANG_WARN_BOOL_CONVERSION = YES;
				CLANG_WARN_CONSTANT_CONVERSION = YES;
				CLANG_WARN_DIRECT_OBJC_ISA_USAGE = YES_ERROR;
				CLANG_WARN_EMPTY_BODY = YES;
				CLANG_WARN_ENUM_CONVERSION = YES;
				CLANG_WARN_INT_CONVERSION = YES;
				CLANG_WARN_OBJC_ROOT_CLASS = YES_ERROR;
				CLANG_WARN_UNREACHABLE_CODE = YES;
				CLANG_WARN__DUPLICATE_METHOD_MATCH = YES;
				"CODE_SIGN_IDENTITY[sdk=iphoneos*]" = "iPhone Developer";
				COPY_PHASE_STRIP = NO;
				DEBUG_INFORMATION_FORMAT = "dwarf-with-dsym";
				ENABLE_NS_ASSERTIONS = NO;
				ENABLE_STRICT_OBJC_MSGSEND = YES;
				GCC_C_LANGUAGE_STANDARD = gnu99;
				GCC_NO_COMMON_BLOCKS = YES;
				GCC_WARN_64_TO_32_BIT_CONVERSION = YES;
				GCC_WARN_ABOUT_RETURN_TYPE = YES_ERROR;
				GCC_WARN_UNDECLARED_SELECTOR = YES;
				GCC_WARN_UNINITIALIZED_AUTOS = YES_AGGRESSIVE;
				GCC_WARN_UNUSED_FUNCTION = YES;
				GCC_WARN_UNUSED_VARIABLE = YES;
				IPHONEOS_DEPLOYMENT_TARGET = 9.1;
				MTL_ENABLE_DEBUG_INFO = NO;
				SDKROOT = iphoneos;
				VALIDATE_PRODUCT = YES;
			};
			name = Release;
		};
		D546671B1C02DBE8007CFFF0 /* Debug */ = {
			isa = XCBuildConfiguration;
			buildSettings = {
				CODE_SIGN_IDENTITY = "iPhone Developer";
				INFOPLIST_FILE = "$(SRCROOT)/AbMoran/Supporting Files/Info.plist";
				IPHONEOS_DEPLOYMENT_TARGET = 8.0;
				LD_RUNPATH_SEARCH_PATHS = "$(inherited) @executable_path/Frameworks";
				PRODUCT_BUNDLE_IDENTIFIER = com.Geekband.ABMoran;
				PRODUCT_NAME = "$(TARGET_NAME)";
			};
			name = Debug;
		};
		D546671C1C02DBE8007CFFF0 /* Release */ = {
			isa = XCBuildConfiguration;
			buildSettings = {
				CODE_SIGN_IDENTITY = "iPhone Developer";
				INFOPLIST_FILE = "$(SRCROOT)/AbMoran/Supporting Files/Info.plist";
				IPHONEOS_DEPLOYMENT_TARGET = 8.0;
				LD_RUNPATH_SEARCH_PATHS = "$(inherited) @executable_path/Frameworks";
				PRODUCT_BUNDLE_IDENTIFIER = com.Geekband.ABMoran;
				PRODUCT_NAME = "$(TARGET_NAME)";
			};
			name = Release;
		};
		D546671E1C02DBE8007CFFF0 /* Debug */ = {
			isa = XCBuildConfiguration;
			buildSettings = {
				BUNDLE_LOADER = "$(TEST_HOST)";
				INFOPLIST_FILE = ABMoranTests/Info.plist;
				LD_RUNPATH_SEARCH_PATHS = "$(inherited) @executable_path/Frameworks @loader_path/Frameworks";
				PRODUCT_BUNDLE_IDENTIFIER = com.Geekband.ABMoranTests;
				PRODUCT_NAME = "$(TARGET_NAME)";
				TEST_HOST = "$(BUILT_PRODUCTS_DIR)/ABMoran.app/ABMoran";
			};
			name = Debug;
		};
		D546671F1C02DBE8007CFFF0 /* Release */ = {
			isa = XCBuildConfiguration;
			buildSettings = {
				BUNDLE_LOADER = "$(TEST_HOST)";
				INFOPLIST_FILE = ABMoranTests/Info.plist;
				LD_RUNPATH_SEARCH_PATHS = "$(inherited) @executable_path/Frameworks @loader_path/Frameworks";
				PRODUCT_BUNDLE_IDENTIFIER = com.Geekband.ABMoranTests;
				PRODUCT_NAME = "$(TARGET_NAME)";
				TEST_HOST = "$(BUILT_PRODUCTS_DIR)/ABMoran.app/ABMoran";
			};
			name = Release;
		};
		D54667211C02DBE8007CFFF0 /* Debug */ = {
			isa = XCBuildConfiguration;
			buildSettings = {
				INFOPLIST_FILE = ABMoranUITests/Info.plist;
				LD_RUNPATH_SEARCH_PATHS = "$(inherited) @executable_path/Frameworks @loader_path/Frameworks";
				PRODUCT_BUNDLE_IDENTIFIER = com.Geekband.ABMoranUITests;
				PRODUCT_NAME = "$(TARGET_NAME)";
				TEST_TARGET_NAME = ABMoran;
				USES_XCTRUNNER = YES;
			};
			name = Debug;
		};
		D54667221C02DBE8007CFFF0 /* Release */ = {
			isa = XCBuildConfiguration;
			buildSettings = {
				INFOPLIST_FILE = ABMoranUITests/Info.plist;
				LD_RUNPATH_SEARCH_PATHS = "$(inherited) @executable_path/Frameworks @loader_path/Frameworks";
				PRODUCT_BUNDLE_IDENTIFIER = com.Geekband.ABMoranUITests;
				PRODUCT_NAME = "$(TARGET_NAME)";
				TEST_TARGET_NAME = ABMoran;
				USES_XCTRUNNER = YES;
			};
			name = Release;
		};
/* End XCBuildConfiguration section */

/* Begin XCConfigurationList section */
		D54666E81C02DBE8007CFFF0 /* Build configuration list for PBXProject "AbMoran" */ = {
			isa = XCConfigurationList;
			buildConfigurations = (
				D54667181C02DBE8007CFFF0 /* Debug */,
				D54667191C02DBE8007CFFF0 /* Release */,
			);
			defaultConfigurationIsVisible = 0;
			defaultConfigurationName = Release;
		};
		D546671A1C02DBE8007CFFF0 /* Build configuration list for PBXNativeTarget "ABMoran" */ = {
			isa = XCConfigurationList;
			buildConfigurations = (
				D546671B1C02DBE8007CFFF0 /* Debug */,
				D546671C1C02DBE8007CFFF0 /* Release */,
			);
			defaultConfigurationIsVisible = 0;
			defaultConfigurationName = Release;
		};
		D546671D1C02DBE8007CFFF0 /* Build configuration list for PBXNativeTarget "ABMoranTests" */ = {
			isa = XCConfigurationList;
			buildConfigurations = (
				D546671E1C02DBE8007CFFF0 /* Debug */,
				D546671F1C02DBE8007CFFF0 /* Release */,
			);
			defaultConfigurationIsVisible = 0;
			defaultConfigurationName = Release;
		};
		D54667201C02DBE8007CFFF0 /* Build configuration list for PBXNativeTarget "ABMoranUITests" */ = {
			isa = XCConfigurationList;
			buildConfigurations = (
				D54667211C02DBE8007CFFF0 /* Debug */,
				D54667221C02DBE8007CFFF0 /* Release */,
			);
			defaultConfigurationIsVisible = 0;
			defaultConfigurationName = Release;
		};
/* End XCConfigurationList section */
	};
	rootObject = D54666E51C02DBE8007CFFF0 /* Project object */;
}
